// !$*UTF8*$!
{
	archiveVersion = 1;
	classes = {
	};
	objectVersion = 56;
	objects = {

/* Begin PBXBuildFile section */
		B531B8E12A3E15D900A59DBC /* DecisionMakerApp.swift in Sources */ = {isa = PBXBuildFile; fileRef = B531B8E02A3E15D900A59DBC /* DecisionMakerApp.swift */; };
		B531B8E32A3E15D900A59DBC /* Views.swift in Sources */ = {isa = PBXBuildFile; fileRef = B531B8E22A3E15D900A59DBC /* Views.swift */; };
		B531B8E52A3E15D900A59DBC /* Assets.xcassets in Resources */ = {isa = PBXBuildFile; fileRef = B531B8E42A3E15D900A59DBC /* Assets.xcassets */; };
		B531B8E82A3E15D900A59DBC /* Preview Assets.xcassets in Resources */ = {isa = PBXBuildFile; fileRef = B531B8E72A3E15D900A59DBC /* Preview Assets.xcassets */; };
		B531B8F22A3E15D900A59DBC /* DecisionMakerTests.swift in Sources */ = {isa = PBXBuildFile; fileRef = B531B8F12A3E15D900A59DBC /* DecisionMakerTests.swift */; };
		B531B8FC2A3E15D900A59DBC /* DecisionMakerUITests.swift in Sources */ = {isa = PBXBuildFile; fileRef = B531B8FB2A3E15D900A59DBC /* DecisionMakerUITests.swift */; };
		B531B8FE2A3E15D900A59DBC /* DecisionMakerUITestsLaunchTests.swift in Sources */ = {isa = PBXBuildFile; fileRef = B531B8FD2A3E15D900A59DBC /* DecisionMakerUITestsLaunchTests.swift */; };
		B531B90C2A3E168F00A59DBC /* Types.swift in Sources */ = {isa = PBXBuildFile; fileRef = B531B90B2A3E168F00A59DBC /* Types.swift */; };
		B5325CFC2A40D40E000142BF /* Strings.swift in Sources */ = {isa = PBXBuildFile; fileRef = B5325CFB2A40D40E000142BF /* Strings.swift */; };
		B54D53F22A4BE387003F804C /* Persistence.swift in Sources */ = {isa = PBXBuildFile; fileRef = B54D53F12A4BE387003F804C /* Persistence.swift */; };
		B59F5FC62A4BE6970090BAB6 /* ExampleData.swift in Sources */ = {isa = PBXBuildFile; fileRef = B59F5FC52A4BE6970090BAB6 /* ExampleData.swift */; };
/* End PBXBuildFile section */

/* Begin PBXContainerItemProxy section */
		B531B8EE2A3E15D900A59DBC /* PBXContainerItemProxy */ = {
			isa = PBXContainerItemProxy;
			containerPortal = B531B8D52A3E15D800A59DBC /* Project object */;
			proxyType = 1;
			remoteGlobalIDString = B531B8DC2A3E15D900A59DBC;
			remoteInfo = DecisionMaker;
		};
		B531B8F82A3E15D900A59DBC /* PBXContainerItemProxy */ = {
			isa = PBXContainerItemProxy;
			containerPortal = B531B8D52A3E15D800A59DBC /* Project object */;
			proxyType = 1;
			remoteGlobalIDString = B531B8DC2A3E15D900A59DBC;
			remoteInfo = DecisionMaker;
		};
/* End PBXContainerItemProxy section */

/* Begin PBXFileReference section */
		B531B8DD2A3E15D900A59DBC /* DecisionMaker.app */ = {isa = PBXFileReference; explicitFileType = wrapper.application; includeInIndex = 0; path = DecisionMaker.app; sourceTree = BUILT_PRODUCTS_DIR; };
		B531B8E02A3E15D900A59DBC /* DecisionMakerApp.swift */ = {isa = PBXFileReference; lastKnownFileType = sourcecode.swift; path = DecisionMakerApp.swift; sourceTree = "<group>"; };
		B531B8E22A3E15D900A59DBC /* Views.swift */ = {isa = PBXFileReference; lastKnownFileType = sourcecode.swift; path = Views.swift; sourceTree = "<group>"; };
		B531B8E42A3E15D900A59DBC /* Assets.xcassets */ = {isa = PBXFileReference; lastKnownFileType = folder.assetcatalog; path = Assets.xcassets; sourceTree = "<group>"; };
		B531B8E72A3E15D900A59DBC /* Preview Assets.xcassets */ = {isa = PBXFileReference; lastKnownFileType = folder.assetcatalog; path = "Preview Assets.xcassets"; sourceTree = "<group>"; };
		B531B8ED2A3E15D900A59DBC /* DecisionMakerTests.xctest */ = {isa = PBXFileReference; explicitFileType = wrapper.cfbundle; includeInIndex = 0; path = DecisionMakerTests.xctest; sourceTree = BUILT_PRODUCTS_DIR; };
		B531B8F12A3E15D900A59DBC /* DecisionMakerTests.swift */ = {isa = PBXFileReference; lastKnownFileType = sourcecode.swift; path = DecisionMakerTests.swift; sourceTree = "<group>"; };
		B531B8F72A3E15D900A59DBC /* DecisionMakerUITests.xctest */ = {isa = PBXFileReference; explicitFileType = wrapper.cfbundle; includeInIndex = 0; path = DecisionMakerUITests.xctest; sourceTree = BUILT_PRODUCTS_DIR; };
		B531B8FB2A3E15D900A59DBC /* DecisionMakerUITests.swift */ = {isa = PBXFileReference; lastKnownFileType = sourcecode.swift; path = DecisionMakerUITests.swift; sourceTree = "<group>"; };
		B531B8FD2A3E15D900A59DBC /* DecisionMakerUITestsLaunchTests.swift */ = {isa = PBXFileReference; lastKnownFileType = sourcecode.swift; path = DecisionMakerUITestsLaunchTests.swift; sourceTree = "<group>"; };
		B531B90B2A3E168F00A59DBC /* Types.swift */ = {isa = PBXFileReference; lastKnownFileType = sourcecode.swift; path = Types.swift; sourceTree = "<group>"; };
		B5325CFB2A40D40E000142BF /* Strings.swift */ = {isa = PBXFileReference; lastKnownFileType = sourcecode.swift; path = Strings.swift; sourceTree = "<group>"; };
		B54D53F12A4BE387003F804C /* Persistence.swift */ = {isa = PBXFileReference; lastKnownFileType = sourcecode.swift; path = Persistence.swift; sourceTree = "<group>"; };
		B59F5FC52A4BE6970090BAB6 /* ExampleData.swift */ = {isa = PBXFileReference; lastKnownFileType = sourcecode.swift; path = ExampleData.swift; sourceTree = "<group>"; };
/* End PBXFileReference section */

/* Begin PBXFrameworksBuildPhase section */
		B531B8DA2A3E15D900A59DBC /* Frameworks */ = {
			isa = PBXFrameworksBuildPhase;
			buildActionMask = 2147483647;
			files = (
			);
			runOnlyForDeploymentPostprocessing = 0;
		};
		B531B8EA2A3E15D900A59DBC /* Frameworks */ = {
			isa = PBXFrameworksBuildPhase;
			buildActionMask = 2147483647;
			files = (
			);
			runOnlyForDeploymentPostprocessing = 0;
		};
		B531B8F42A3E15D900A59DBC /* Frameworks */ = {
			isa = PBXFrameworksBuildPhase;
			buildActionMask = 2147483647;
			files = (
			);
			runOnlyForDeploymentPostprocessing = 0;
		};
/* End PBXFrameworksBuildPhase section */

/* Begin PBXGroup section */
		B531B8D42A3E15D800A59DBC = {
			isa = PBXGroup;
			children = (
				B531B8DF2A3E15D900A59DBC /* DecisionMaker */,
				B531B8F02A3E15D900A59DBC /* DecisionMakerTests */,
				B531B8FA2A3E15D900A59DBC /* DecisionMakerUITests */,
				B531B8DE2A3E15D900A59DBC /* Products */,
			);
			sourceTree = "<group>";
		};
		B531B8DE2A3E15D900A59DBC /* Products */ = {
			isa = PBXGroup;
			children = (
				B531B8DD2A3E15D900A59DBC /* DecisionMaker.app */,
				B531B8ED2A3E15D900A59DBC /* DecisionMakerTests.xctest */,
				B531B8F72A3E15D900A59DBC /* DecisionMakerUITests.xctest */,
			);
			name = Products;
			sourceTree = "<group>";
		};
		B531B8DF2A3E15D900A59DBC /* DecisionMaker */ = {
			isa = PBXGroup;
			children = (
				B531B8E02A3E15D900A59DBC /* DecisionMakerApp.swift */,
				B531B8E62A3E15D900A59DBC /* Preview Content */,
				B531B90A2A3E166500A59DBC /* Types */,
				B531B8E22A3E15D900A59DBC /* Views.swift */,
				B5325CFB2A40D40E000142BF /* Strings.swift */,
				B54D53F12A4BE387003F804C /* Persistence.swift */,
				B59F5FC52A4BE6970090BAB6 /* ExampleData.swift */,
				B531B8E42A3E15D900A59DBC /* Assets.xcassets */,
			);
			path = DecisionMaker;
			sourceTree = "<group>";
		};
		B531B8E62A3E15D900A59DBC /* Preview Content */ = {
			isa = PBXGroup;
			children = (
				B531B8E72A3E15D900A59DBC /* Preview Assets.xcassets */,
			);
			path = "Preview Content";
			sourceTree = "<group>";
		};
		B531B8F02A3E15D900A59DBC /* DecisionMakerTests */ = {
			isa = PBXGroup;
			children = (
				B531B8F12A3E15D900A59DBC /* DecisionMakerTests.swift */,
			);
			path = DecisionMakerTests;
			sourceTree = "<group>";
		};
		B531B8FA2A3E15D900A59DBC /* DecisionMakerUITests */ = {
			isa = PBXGroup;
			children = (
				B531B8FB2A3E15D900A59DBC /* DecisionMakerUITests.swift */,
				B531B8FD2A3E15D900A59DBC /* DecisionMakerUITestsLaunchTests.swift */,
			);
			path = DecisionMakerUITests;
			sourceTree = "<group>";
		};
		B531B90A2A3E166500A59DBC /* Types */ = {
			isa = PBXGroup;
			children = (
				B531B90B2A3E168F00A59DBC /* Types.swift */,
			);
			path = Types;
			sourceTree = "<group>";
		};
/* End PBXGroup section */

/* Begin PBXNativeTarget section */
		B531B8DC2A3E15D900A59DBC /* DecisionMaker */ = {
			isa = PBXNativeTarget;
			buildConfigurationList = B531B9012A3E15D900A59DBC /* Build configuration list for PBXNativeTarget "DecisionMaker" */;
			buildPhases = (
				B531B8D92A3E15D900A59DBC /* Sources */,
				B531B8DA2A3E15D900A59DBC /* Frameworks */,
				B531B8DB2A3E15D900A59DBC /* Resources */,
			);
			buildRules = (
			);
			dependencies = (
			);
			name = DecisionMaker;
			productName = DecisionMaker;
			productReference = B531B8DD2A3E15D900A59DBC /* DecisionMaker.app */;
			productType = "com.apple.product-type.application";
		};
		B531B8EC2A3E15D900A59DBC /* DecisionMakerTests */ = {
			isa = PBXNativeTarget;
			buildConfigurationList = B531B9042A3E15D900A59DBC /* Build configuration list for PBXNativeTarget "DecisionMakerTests" */;
			buildPhases = (
				B531B8E92A3E15D900A59DBC /* Sources */,
				B531B8EA2A3E15D900A59DBC /* Frameworks */,
				B531B8EB2A3E15D900A59DBC /* Resources */,
			);
			buildRules = (
			);
			dependencies = (
				B531B8EF2A3E15D900A59DBC /* PBXTargetDependency */,
			);
			name = DecisionMakerTests;
			productName = DecisionMakerTests;
			productReference = B531B8ED2A3E15D900A59DBC /* DecisionMakerTests.xctest */;
			productType = "com.apple.product-type.bundle.unit-test";
		};
		B531B8F62A3E15D900A59DBC /* DecisionMakerUITests */ = {
			isa = PBXNativeTarget;
			buildConfigurationList = B531B9072A3E15D900A59DBC /* Build configuration list for PBXNativeTarget "DecisionMakerUITests" */;
			buildPhases = (
				B531B8F32A3E15D900A59DBC /* Sources */,
				B531B8F42A3E15D900A59DBC /* Frameworks */,
				B531B8F52A3E15D900A59DBC /* Resources */,
			);
			buildRules = (
			);
			dependencies = (
				B531B8F92A3E15D900A59DBC /* PBXTargetDependency */,
			);
			name = DecisionMakerUITests;
			productName = DecisionMakerUITests;
			productReference = B531B8F72A3E15D900A59DBC /* DecisionMakerUITests.xctest */;
			productType = "com.apple.product-type.bundle.ui-testing";
		};
/* End PBXNativeTarget section */

/* Begin PBXProject section */
		B531B8D52A3E15D800A59DBC /* Project object */ = {
			isa = PBXProject;
			attributes = {
				BuildIndependentTargetsInParallel = 1;
				LastSwiftUpdateCheck = 1420;
				LastUpgradeCheck = 1420;
				TargetAttributes = {
					B531B8DC2A3E15D900A59DBC = {
						CreatedOnToolsVersion = 14.2;
					};
					B531B8EC2A3E15D900A59DBC = {
						CreatedOnToolsVersion = 14.2;
						TestTargetID = B531B8DC2A3E15D900A59DBC;
					};
					B531B8F62A3E15D900A59DBC = {
						CreatedOnToolsVersion = 14.2;
						TestTargetID = B531B8DC2A3E15D900A59DBC;
					};
				};
			};
			buildConfigurationList = B531B8D82A3E15D800A59DBC /* Build configuration list for PBXProject "DecisionMaker" */;
			compatibilityVersion = "Xcode 14.0";
			developmentRegion = en;
			hasScannedForEncodings = 0;
			knownRegions = (
				en,
				Base,
			);
			mainGroup = B531B8D42A3E15D800A59DBC;
			productRefGroup = B531B8DE2A3E15D900A59DBC /* Products */;
			projectDirPath = "";
			projectRoot = "";
			targets = (
				B531B8DC2A3E15D900A59DBC /* DecisionMaker */,
				B531B8EC2A3E15D900A59DBC /* DecisionMakerTests */,
				B531B8F62A3E15D900A59DBC /* DecisionMakerUITests */,
			);
		};
/* End PBXProject section */

/* Begin PBXResourcesBuildPhase section */
		B531B8DB2A3E15D900A59DBC /* Resources */ = {
			isa = PBXResourcesBuildPhase;
			buildActionMask = 2147483647;
			files = (
				B531B8E82A3E15D900A59DBC /* Preview Assets.xcassets in Resources */,
				B531B8E52A3E15D900A59DBC /* Assets.xcassets in Resources */,
			);
			runOnlyForDeploymentPostprocessing = 0;
		};
		B531B8EB2A3E15D900A59DBC /* Resources */ = {
			isa = PBXResourcesBuildPhase;
			buildActionMask = 2147483647;
			files = (
			);
			runOnlyForDeploymentPostprocessing = 0;
		};
		B531B8F52A3E15D900A59DBC /* Resources */ = {
			isa = PBXResourcesBuildPhase;
			buildActionMask = 2147483647;
			files = (
			);
			runOnlyForDeploymentPostprocessing = 0;
		};
/* End PBXResourcesBuildPhase section */

/* Begin PBXSourcesBuildPhase section */
		B531B8D92A3E15D900A59DBC /* Sources */ = {
			isa = PBXSourcesBuildPhase;
			buildActionMask = 2147483647;
			files = (
				B531B90C2A3E168F00A59DBC /* Types.swift in Sources */,
				B531B8E32A3E15D900A59DBC /* Views.swift in Sources */,
				B59F5FC62A4BE6970090BAB6 /* ExampleData.swift in Sources */,
				B5325CFC2A40D40E000142BF /* Strings.swift in Sources */,
				B531B8E12A3E15D900A59DBC /* DecisionMakerApp.swift in Sources */,
				B54D53F22A4BE387003F804C /* Persistence.swift in Sources */,
			);
			runOnlyForDeploymentPostprocessing = 0;
		};
		B531B8E92A3E15D900A59DBC /* Sources */ = {
			isa = PBXSourcesBuildPhase;
			buildActionMask = 2147483647;
			files = (
				B531B8F22A3E15D900A59DBC /* DecisionMakerTests.swift in Sources */,
			);
			runOnlyForDeploymentPostprocessing = 0;
		};
		B531B8F32A3E15D900A59DBC /* Sources */ = {
			isa = PBXSourcesBuildPhase;
			buildActionMask = 2147483647;
			files = (
				B531B8FC2A3E15D900A59DBC /* DecisionMakerUITests.swift in Sources */,
				B531B8FE2A3E15D900A59DBC /* DecisionMakerUITestsLaunchTests.swift in Sources */,
			);
			runOnlyForDeploymentPostprocessing = 0;
		};
/* End PBXSourcesBuildPhase section */

/* Begin PBXTargetDependency section */
		B531B8EF2A3E15D900A59DBC /* PBXTargetDependency */ = {
			isa = PBXTargetDependency;
			target = B531B8DC2A3E15D900A59DBC /* DecisionMaker */;
			targetProxy = B531B8EE2A3E15D900A59DBC /* PBXContainerItemProxy */;
		};
		B531B8F92A3E15D900A59DBC /* PBXTargetDependency */ = {
			isa = PBXTargetDependency;
			target = B531B8DC2A3E15D900A59DBC /* DecisionMaker */;
			targetProxy = B531B8F82A3E15D900A59DBC /* PBXContainerItemProxy */;
		};
/* End PBXTargetDependency section */

/* Begin XCBuildConfiguration section */
		B531B8FF2A3E15D900A59DBC /* Debug */ = {
			isa = XCBuildConfiguration;
			buildSettings = {
				ALWAYS_SEARCH_USER_PATHS = NO;
				CLANG_ANALYZER_NONNULL = YES;
				CLANG_ANALYZER_NUMBER_OBJECT_CONVERSION = YES_AGGRESSIVE;
				CLANG_CXX_LANGUAGE_STANDARD = "gnu++20";
				CLANG_ENABLE_MODULES = YES;
				CLANG_ENABLE_OBJC_ARC = YES;
				CLANG_ENABLE_OBJC_WEAK = YES;
				CLANG_WARN_BLOCK_CAPTURE_AUTORELEASING = YES;
				CLANG_WARN_BOOL_CONVERSION = YES;
				CLANG_WARN_COMMA = YES;
				CLANG_WARN_CONSTANT_CONVERSION = YES;
				CLANG_WARN_DEPRECATED_OBJC_IMPLEMENTATIONS = YES;
				CLANG_WARN_DIRECT_OBJC_ISA_USAGE = YES_ERROR;
				CLANG_WARN_DOCUMENTATION_COMMENTS = YES;
				CLANG_WARN_EMPTY_BODY = YES;
				CLANG_WARN_ENUM_CONVERSION = YES;
				CLANG_WARN_INFINITE_RECURSION = YES;
				CLANG_WARN_INT_CONVERSION = YES;
				CLANG_WARN_NON_LITERAL_NULL_CONVERSION = YES;
				CLANG_WARN_OBJC_IMPLICIT_RETAIN_SELF = YES;
				CLANG_WARN_OBJC_LITERAL_CONVERSION = YES;
				CLANG_WARN_OBJC_ROOT_CLASS = YES_ERROR;
				CLANG_WARN_QUOTED_INCLUDE_IN_FRAMEWORK_HEADER = YES;
				CLANG_WARN_RANGE_LOOP_ANALYSIS = YES;
				CLANG_WARN_STRICT_PROTOTYPES = YES;
				CLANG_WARN_SUSPICIOUS_MOVE = YES;
				CLANG_WARN_UNGUARDED_AVAILABILITY = YES_AGGRESSIVE;
				CLANG_WARN_UNREACHABLE_CODE = YES;
				CLANG_WARN__DUPLICATE_METHOD_MATCH = YES;
				COPY_PHASE_STRIP = NO;
				DEBUG_INFORMATION_FORMAT = dwarf;
				ENABLE_STRICT_OBJC_MSGSEND = YES;
				ENABLE_TESTABILITY = YES;
				GCC_C_LANGUAGE_STANDARD = gnu11;
				GCC_DYNAMIC_NO_PIC = NO;
				GCC_NO_COMMON_BLOCKS = YES;
				GCC_OPTIMIZATION_LEVEL = 0;
				GCC_PREPROCESSOR_DEFINITIONS = (
					"DEBUG=1",
					"$(inherited)",
				);
				GCC_WARN_64_TO_32_BIT_CONVERSION = YES;
				GCC_WARN_ABOUT_RETURN_TYPE = YES_ERROR;
				GCC_WARN_UNDECLARED_SELECTOR = YES;
				GCC_WARN_UNINITIALIZED_AUTOS = YES_AGGRESSIVE;
				GCC_WARN_UNUSED_FUNCTION = YES;
				GCC_WARN_UNUSED_VARIABLE = YES;
				IPHONEOS_DEPLOYMENT_TARGET = 16.2;
				MTL_ENABLE_DEBUG_INFO = INCLUDE_SOURCE;
				MTL_FAST_MATH = YES;
				ONLY_ACTIVE_ARCH = YES;
				SDKROOT = iphoneos;
				SWIFT_ACTIVE_COMPILATION_CONDITIONS = DEBUG;
				SWIFT_OPTIMIZATION_LEVEL = "-Onone";
			};
			name = Debug;
		};
		B531B9002A3E15D900A59DBC /* Release */ = {
			isa = XCBuildConfiguration;
			buildSettings = {
				ALWAYS_SEARCH_USER_PATHS = NO;
				CLANG_ANALYZER_NONNULL = YES;
				CLANG_ANALYZER_NUMBER_OBJECT_CONVERSION = YES_AGGRESSIVE;
				CLANG_CXX_LANGUAGE_STANDARD = "gnu++20";
				CLANG_ENABLE_MODULES = YES;
				CLANG_ENABLE_OBJC_ARC = YES;
				CLANG_ENABLE_OBJC_WEAK = YES;
				CLANG_WARN_BLOCK_CAPTURE_AUTORELEASING = YES;
				CLANG_WARN_BOOL_CONVERSION = YES;
				CLANG_WARN_COMMA = YES;
				CLANG_WARN_CONSTANT_CONVERSION = YES;
				CLANG_WARN_DEPRECATED_OBJC_IMPLEMENTATIONS = YES;
				CLANG_WARN_DIRECT_OBJC_ISA_USAGE = YES_ERROR;
				CLANG_WARN_DOCUMENTATION_COMMENTS = YES;
				CLANG_WARN_EMPTY_BODY = YES;
				CLANG_WARN_ENUM_CONVERSION = YES;
				CLANG_WARN_INFINITE_RECURSION = YES;
				CLANG_WARN_INT_CONVERSION = YES;
				CLANG_WARN_NON_LITERAL_NULL_CONVERSION = YES;
				CLANG_WARN_OBJC_IMPLICIT_RETAIN_SELF = YES;
				CLANG_WARN_OBJC_LITERAL_CONVERSION = YES;
				CLANG_WARN_OBJC_ROOT_CLASS = YES_ERROR;
				CLANG_WARN_QUOTED_INCLUDE_IN_FRAMEWORK_HEADER = YES;
				CLANG_WARN_RANGE_LOOP_ANALYSIS = YES;
				CLANG_WARN_STRICT_PROTOTYPES = YES;
				CLANG_WARN_SUSPICIOUS_MOVE = YES;
				CLANG_WARN_UNGUARDED_AVAILABILITY = YES_AGGRESSIVE;
				CLANG_WARN_UNREACHABLE_CODE = YES;
				CLANG_WARN__DUPLICATE_METHOD_MATCH = YES;
				COPY_PHASE_STRIP = NO;
				DEBUG_INFORMATION_FORMAT = "dwarf-with-dsym";
				ENABLE_NS_ASSERTIONS = NO;
				ENABLE_STRICT_OBJC_MSGSEND = YES;
				GCC_C_LANGUAGE_STANDARD = gnu11;
				GCC_NO_COMMON_BLOCKS = YES;
				GCC_WARN_64_TO_32_BIT_CONVERSION = YES;
				GCC_WARN_ABOUT_RETURN_TYPE = YES_ERROR;
				GCC_WARN_UNDECLARED_SELECTOR = YES;
				GCC_WARN_UNINITIALIZED_AUTOS = YES_AGGRESSIVE;
				GCC_WARN_UNUSED_FUNCTION = YES;
				GCC_WARN_UNUSED_VARIABLE = YES;
				IPHONEOS_DEPLOYMENT_TARGET = 16.2;
				MTL_ENABLE_DEBUG_INFO = NO;
				MTL_FAST_MATH = YES;
				SDKROOT = iphoneos;
				SWIFT_COMPILATION_MODE = wholemodule;
				SWIFT_OPTIMIZATION_LEVEL = "-O";
				VALIDATE_PRODUCT = YES;
			};
			name = Release;
		};
		B531B9022A3E15D900A59DBC /* Debug */ = {
			isa = XCBuildConfiguration;
			buildSettings = {
				ASSETCATALOG_COMPILER_APPICON_NAME = AppIcon;
				ASSETCATALOG_COMPILER_GLOBAL_ACCENT_COLOR_NAME = AccentColor;
				CODE_SIGN_STYLE = Automatic;
				CURRENT_PROJECT_VERSION = 1;
				DEVELOPMENT_ASSET_PATHS = "\"DecisionMaker/Preview Content\"";
				DEVELOPMENT_TEAM = BLC525289A;
				ENABLE_PREVIEWS = YES;
				GENERATE_INFOPLIST_FILE = YES;
				INFOPLIST_KEY_LSApplicationCategoryType = "public.app-category.utilities";
				INFOPLIST_KEY_UIApplicationSceneManifest_Generation = YES;
				INFOPLIST_KEY_UIApplicationSupportsIndirectInputEvents = YES;
				INFOPLIST_KEY_UILaunchScreen_Generation = YES;
				INFOPLIST_KEY_UISupportedInterfaceOrientations_iPad = "UIInterfaceOrientationPortrait UIInterfaceOrientationPortraitUpsideDown UIInterfaceOrientationLandscapeLeft UIInterfaceOrientationLandscapeRight";
				INFOPLIST_KEY_UISupportedInterfaceOrientations_iPhone = "UIInterfaceOrientationPortrait UIInterfaceOrientationLandscapeLeft UIInterfaceOrientationLandscapeRight";
				IPHONEOS_DEPLOYMENT_TARGET = 15.0;
				LD_RUNPATH_SEARCH_PATHS = (
					"$(inherited)",
					"@executable_path/Frameworks",
				);
				MARKETING_VERSION = 0.2;
				PRODUCT_BUNDLE_IDENTIFIER = "system-systems.DecisionMaker";
				PRODUCT_NAME = "$(TARGET_NAME)";
				SWIFT_EMIT_LOC_STRINGS = YES;
				SWIFT_VERSION = 5.0;
				TARGETED_DEVICE_FAMILY = "1,2";
			};
			name = Debug;
		};
		B531B9032A3E15D900A59DBC /* Release */ = {
			isa = XCBuildConfiguration;
			buildSettings = {
				ASSETCATALOG_COMPILER_APPICON_NAME = AppIcon;
				ASSETCATALOG_COMPILER_GLOBAL_ACCENT_COLOR_NAME = AccentColor;
				CODE_SIGN_STYLE = Automatic;
				CURRENT_PROJECT_VERSION = 1;
				DEVELOPMENT_ASSET_PATHS = "\"DecisionMaker/Preview Content\"";
				DEVELOPMENT_TEAM = BLC525289A;
				ENABLE_PREVIEWS = YES;
				GENERATE_INFOPLIST_FILE = YES;
				INFOPLIST_KEY_LSApplicationCategoryType = "public.app-category.utilities";
				INFOPLIST_KEY_UIApplicationSceneManifest_Generation = YES;
				INFOPLIST_KEY_UIApplicationSupportsIndirectInputEvents = YES;
				INFOPLIST_KEY_UILaunchScreen_Generation = YES;
				INFOPLIST_KEY_UISupportedInterfaceOrientations_iPad = "UIInterfaceOrientationPortrait UIInterfaceOrientationPortraitUpsideDown UIInterfaceOrientationLandscapeLeft UIInterfaceOrientationLandscapeRight";
				INFOPLIST_KEY_UISupportedInterfaceOrientations_iPhone = "UIInterfaceOrientationPortrait UIInterfaceOrientationLandscapeLeft UIInterfaceOrientationLandscapeRight";
				IPHONEOS_DEPLOYMENT_TARGET = 15.0;
				LD_RUNPATH_SEARCH_PATHS = (
					"$(inherited)",
					"@executable_path/Frameworks",
				);
				MARKETING_VERSION = 0.2;
				PRODUCT_BUNDLE_IDENTIFIER = "system-systems.DecisionMaker";
				PRODUCT_NAME = "$(TARGET_NAME)";
				SWIFT_EMIT_LOC_STRINGS = YES;
				SWIFT_VERSION = 5.0;
				TARGETED_DEVICE_FAMILY = "1,2";
			};
			name = Release;
		};
		B531B9052A3E15D900A59DBC /* Debug */ = {
			isa = XCBuildConfiguration;
			buildSettings = {
				ALWAYS_EMBED_SWIFT_STANDARD_LIBRARIES = YES;
				BUNDLE_LOADER = "$(TEST_HOST)";
				CODE_SIGN_STYLE = Automatic;
				CURRENT_PROJECT_VERSION = 1;
				DEVELOPMENT_TEAM = BLC525289A;
				GENERATE_INFOPLIST_FILE = YES;
				IPHONEOS_DEPLOYMENT_TARGET = 16.2;
				MARKETING_VERSION = 1.0;
				PRODUCT_BUNDLE_IDENTIFIER = "system-systems.DecisionMakerTests";
				PRODUCT_NAME = "$(TARGET_NAME)";
				SWIFT_EMIT_LOC_STRINGS = NO;
				SWIFT_VERSION = 5.0;
				TARGETED_DEVICE_FAMILY = "1,2";
				TEST_HOST = "$(BUILT_PRODUCTS_DIR)/DecisionMaker.app/$(BUNDLE_EXECUTABLE_FOLDER_PATH)/DecisionMaker";
			};
			name = Debug;
		};
		B531B9062A3E15D900A59DBC /* Release */ = {
			isa = XCBuildConfiguration;
			buildSettings = {
				ALWAYS_EMBED_SWIFT_STANDARD_LIBRARIES = YES;
				BUNDLE_LOADER = "$(TEST_HOST)";
				CODE_SIGN_STYLE = Automatic;
				CURRENT_PROJECT_VERSION = 1;
				DEVELOPMENT_TEAM = BLC525289A;
				GENERATE_INFOPLIST_FILE = YES;
				IPHONEOS_DEPLOYMENT_TARGET = 16.2;
				MARKETING_VERSION = 1.0;
				PRODUCT_BUNDLE_IDENTIFIER = "system-systems.DecisionMakerTests";
				PRODUCT_NAME = "$(TARGET_NAME)";
				SWIFT_EMIT_LOC_STRINGS = NO;
				SWIFT_VERSION = 5.0;
				TARGETED_DEVICE_FAMILY = "1,2";
				TEST_HOST = "$(BUILT_PRODUCTS_DIR)/DecisionMaker.app/$(BUNDLE_EXECUTABLE_FOLDER_PATH)/DecisionMaker";
			};
			name = Release;
		};
		B531B9082A3E15D900A59DBC /* Debug */ = {
			isa = XCBuildConfiguration;
			buildSettings = {
				ALWAYS_EMBED_SWIFT_STANDARD_LIBRARIES = YES;
				CODE_SIGN_STYLE = Automatic;
				CURRENT_PROJECT_VERSION = 1;
				DEVELOPMENT_TEAM = BLC525289A;
				GENERATE_INFOPLIST_FILE = YES;
				MARKETING_VERSION = 1.0;
				PRODUCT_BUNDLE_IDENTIFIER = "system-systems.DecisionMakerUITests";
				PRODUCT_NAME = "$(TARGET_NAME)";
				SWIFT_EMIT_LOC_STRINGS = NO;
				SWIFT_VERSION = 5.0;
				TARGETED_DEVICE_FAMILY = "1,2";
				TEST_TARGET_NAME = DecisionMaker;
			};
			name = Debug;
		};
		B531B9092A3E15D900A59DBC /* Release */ = {
			isa = XCBuildConfiguration;
			buildSettings = {
				ALWAYS_EMBED_SWIFT_STANDARD_LIBRARIES = YES;
				CODE_SIGN_STYLE = Automatic;
				CURRENT_PROJECT_VERSION = 1;
				DEVELOPMENT_TEAM = BLC525289A;
				GENERATE_INFOPLIST_FILE = YES;
				MARKETING_VERSION = 1.0;
				PRODUCT_BUNDLE_IDENTIFIER = "system-systems.DecisionMakerUITests";
				PRODUCT_NAME = "$(TARGET_NAME)";
				SWIFT_EMIT_LOC_STRINGS = NO;
				SWIFT_VERSION = 5.0;
				TARGETED_DEVICE_FAMILY = "1,2";
				TEST_TARGET_NAME = DecisionMaker;
			};
			name = Release;
		};
/* End XCBuildConfiguration section */

/* Begin XCConfigurationList section */
		B531B8D82A3E15D800A59DBC /* Build configuration list for PBXProject "DecisionMaker" */ = {
			isa = XCConfigurationList;
			buildConfigurations = (
				B531B8FF2A3E15D900A59DBC /* Debug */,
				B531B9002A3E15D900A59DBC /* Release */,
			);
			defaultConfigurationIsVisible = 0;
			defaultConfigurationName = Release;
		};
		B531B9012A3E15D900A59DBC /* Build configuration list for PBXNativeTarget "DecisionMaker" */ = {
			isa = XCConfigurationList;
			buildConfigurations = (
				B531B9022A3E15D900A59DBC /* Debug */,
				B531B9032A3E15D900A59DBC /* Release */,
			);
			defaultConfigurationIsVisible = 0;
			defaultConfigurationName = Release;
		};
		B531B9042A3E15D900A59DBC /* Build configuration list for PBXNativeTarget "DecisionMakerTests" */ = {
			isa = XCConfigurationList;
			buildConfigurations = (
				B531B9052A3E15D900A59DBC /* Debug */,
				B531B9062A3E15D900A59DBC /* Release */,
			);
			defaultConfigurationIsVisible = 0;
			defaultConfigurationName = Release;
		};
		B531B9072A3E15D900A59DBC /* Build configuration list for PBXNativeTarget "DecisionMakerUITests" */ = {
			isa = XCConfigurationList;
			buildConfigurations = (
				B531B9082A3E15D900A59DBC /* Debug */,
				B531B9092A3E15D900A59DBC /* Release */,
			);
			defaultConfigurationIsVisible = 0;
			defaultConfigurationName = Release;
		};
/* End XCConfigurationList section */
	};
	rootObject = B531B8D52A3E15D800A59DBC /* Project object */;
}
